# THIS IS AN AUTOGENERATED FILE. DO NOT EDIT THIS FILE DIRECTLY.
# yarn lockfile v1


"@abp/aspnetcore.components.server.leptonxlitetheme@~5.0.2":
  version "5.0.3"
  resolved "https://registry.npmjs.org/@abp/aspnetcore.components.server.leptonxlitetheme/-/aspnetcore.components.server.leptonxlitetheme-5.0.3.tgz"
  integrity sha512-noajBJetO6ss4d1ncJFrgDZXBtd6+6l3E1bw5PcgXPjFp5pSXpnnv20yOFcXlLTVWyn5OJJ2NfFOekQbjqk3Rw==
  dependencies:
    "@abp/aspnetcore.components.server.theming" "~10.0.3"

"@abp/aspnetcore.components.server.theming@~10.0.3":
  version "10.0.3"
  resolved "https://registry.npmjs.org/@abp/aspnetcore.components.server.theming/-/aspnetcore.components.server.theming-10.0.3.tgz"
  integrity sha512-/Q8i+qw9Ye2Uqfe4otFV9PAPN9IaTYE7EgGE0gRcwJEaVejnO7vFKo/3MFgfZ61jgnBA0mf4HCB8iDf6u+RpKg==
  dependencies:
    "@abp/bootstrap" "~10.0.3"
    "@abp/font-awesome" "~10.0.3"

"@abp/aspnetcore.mvc.ui.theme.leptonxlite@~5.0.2":
  version "5.0.3"
  resolved "https://registry.npmjs.org/@abp/aspnetcore.mvc.ui.theme.leptonxlite/-/aspnetcore.mvc.ui.theme.leptonxlite-5.0.3.tgz"
  integrity sha512-SudDjVQFeGom0pBVlG+O9O+b0rZaaaYowoaKv3miKKG8HbIEkAyG/V2iDSrHD4thGh4WeddZ0bTWZR+XQdM9xQ==
  dependencies:
    "@abp/aspnetcore.mvc.ui.theme.shared" "~10.0.3"

"@abp/aspnetcore.mvc.ui.theme.shared@~10.0.3":
  version "10.0.3"
  resolved "https://registry.npmjs.org/@abp/aspnetcore.mvc.ui.theme.shared/-/aspnetcore.mvc.ui.theme.shared-10.0.3.tgz"
  integrity sha512-1E76v8n6q9kRywB5WExffNivgOKRnMdjLpAiCLLEQ1tGKJKdjsQ2AwC/PvXxhaFQ4TkwNEt3uGhU/jkBC7O/Cg==
  dependencies:
    "@abp/aspnetcore.mvc.ui" "~10.0.3"
    "@abp/bootstrap" "~10.0.3"
    "@abp/bootstrap-datepicker" "~10.0.3"
    "@abp/bootstrap-daterangepicker" "~10.0.3"
    "@abp/datatables.net-bs5" "~10.0.3"
    "@abp/font-awesome" "~10.0.3"
    "@abp/jquery-form" "~10.0.3"
    "@abp/jquery-validation-unobtrusive" "~10.0.3"
    "@abp/lodash" "~10.0.3"
    "@abp/luxon" "~10.0.3"
    "@abp/malihu-custom-scrollbar-plugin" "~10.0.3"
    "@abp/moment" "~10.0.3"
    "@abp/select2" "~10.0.3"
    "@abp/sweetalert2" "~10.0.3"
    "@abp/timeago" "~10.0.3"

"@abp/aspnetcore.mvc.ui@~10.0.3":
  version "10.0.3"
  resolved "https://registry.npmjs.org/@abp/aspnetcore.mvc.ui/-/aspnetcore.mvc.ui-10.0.3.tgz"
  integrity sha512-wPXoe6cDh2/uKAaXETizOKXrlOoQXrJ8xjIX7Vjaybw3tBPSJBGCtyFIUd8Z8OpoeV52B6MpDQszSADZFGsDFQ==
  dependencies:
    ansi-colors "^4.1.3"

"@abp/bootstrap-datepicker@~10.0.3":
  version "10.0.3"
  resolved "https://registry.npmjs.org/@abp/bootstrap-datepicker/-/bootstrap-datepicker-10.0.3.tgz"
  integrity sha512-vgp0hgSYcZLZ4cg0WuFSaU+WfMgfFneh1R/qbVRVUFhnQWsf4l8+y6tFFT9fKS55dRgl2/Jhz+Y2pHeyMmC6bQ==
  dependencies:
    bootstrap-datepicker "^1.10.1"

"@abp/bootstrap-daterangepicker@~10.0.3":
  version "10.0.3"
  resolved "https://registry.npmjs.org/@abp/bootstrap-daterangepicker/-/bootstrap-daterangepicker-10.0.3.tgz"
  integrity sha512-nMHZ8xY8AJ6UBlms6Ub9MQE0EaoNUceMBUUzJ6IGV/KCKSmVM8LwGXaz1FHG0MV35xN8hrgIwxpOB4GIbBqc/A==
  dependencies:
    bootstrap-daterangepicker "^3.1.0"

"@abp/bootstrap@~10.0.3":
  version "10.0.3"
  resolved "https://registry.npmjs.org/@abp/bootstrap/-/bootstrap-10.0.3.tgz"
  integrity sha512-HKQp72Lim5FJyOAPVNApGA5yrD78TCJ5elPWkRH+/9IlEg+8gadw2R3aDULe16N8n+pAJ6Oi94r9DTT9nOBEVQ==
  dependencies:
    "@abp/core" "~10.0.3"
    bootstrap "^5.3.8"

"@abp/core@~10.0.3":
  version "10.0.3"
  resolved "https://registry.npmjs.org/@abp/core/-/core-10.0.3.tgz"
  integrity sha512-eCD3Yvw215bkF3hUgfVCxBw9OHwvfofBnzrQ4PVMKnnqgFkKj521JxYH5JwfX3fD4vW/RcgnWgxJ/IKHVONxiw==
  dependencies:
    "@abp/utils" "~10.0.3"

"@abp/datatables.net-bs5@~10.0.3":
  version "10.0.3"
  resolved "https://registry.npmjs.org/@abp/datatables.net-bs5/-/datatables.net-bs5-10.0.3.tgz"
  integrity sha512-8/eI9c2t1kUZtqW6BYv/uQwCzhifWFuU1bS5I0Kp12aSJproTALEJoBJQoP8/r4Jm5pDxuAycbyOjZtBalwe6A==
  dependencies:
    "@abp/datatables.net" "~10.0.3"
    datatables.net-bs5 "^2.3.4"

"@abp/datatables.net@~10.0.3":
  version "10.0.3"
  resolved "https://registry.npmjs.org/@abp/datatables.net/-/datatables.net-10.0.3.tgz"
  integrity sha512-1swTVGIFdNyuwlsw+o8ierTGaDHgYpFFZUwdw/467+6wlE+j+UG5WpzxiiIQrTrrvKA/IAXfNg4cZc/QRXffBg==
  dependencies:
    "@abp/jquery" "~10.0.3"
    datatables.net "^2.3.4"

"@abp/font-awesome@~10.0.3":
  version "10.0.3"
  resolved "https://registry.npmjs.org/@abp/font-awesome/-/font-awesome-10.0.3.tgz"
  integrity sha512-i20+cAiy8YwX1H5PBVg9a5/6DPJhFDXF7q3RtF8xoLvJ8v+/t7h1IBHERyRelhw5gC085KRt3j5jwPuUguaeag==
  dependencies:
    "@abp/core" "~10.0.3"
    "@fortawesome/fontawesome-free" "^7.0.1"

"@abp/jquery-form@~10.0.3":
  version "10.0.3"
  resolved "https://registry.npmjs.org/@abp/jquery-form/-/jquery-form-10.0.3.tgz"
  integrity sha512-0L+Myo3Q+nGBxQmbFf+uhTrvEb4RjKyo31UzXMRU+X+5CjjccJ7YvHejIu5JcZoIQp1BTC3rrz+CQW8Ujn6Cyg==
  dependencies:
    "@abp/jquery" "~10.0.3"
    jquery-form "^4.3.0"

"@abp/jquery-validation-unobtrusive@~10.0.3":
  version "10.0.3"
  resolved "https://registry.npmjs.org/@abp/jquery-validation-unobtrusive/-/jquery-validation-unobtrusive-10.0.3.tgz"
  integrity sha512-AS/HUSsJ3SdcIsKQMD28o1k9dtNes6JND5rALrN4uS8kJvSkA6wI+jaYKIixQYcL9pH2ilfLEpcGCn7ByZzinQ==
  dependencies:
    "@abp/jquery-validation" "~10.0.3"
    jquery-validation-unobtrusive "^4.0.0"

"@abp/jquery-validation@~10.0.3":
  version "10.0.3"
  resolved "https://registry.npmjs.org/@abp/jquery-validation/-/jquery-validation-10.0.3.tgz"
  integrity sha512-ox16GO4LDrQk++Ao0TdC+AYGwrcMrr0AbzGfzvzmtPDwL/HdQm9tBL8mGEaNNO7n9YM/YBEnBVOSLrYswtcc/g==
  dependencies:
    "@abp/jquery" "~10.0.3"
    jquery-validation "^1.21.0"

"@abp/jquery@~10.0.3":
  version "10.0.3"
  resolved "https://registry.npmjs.org/@abp/jquery/-/jquery-10.0.3.tgz"
  integrity sha512-kY3pv5dqUNuNtFT+EeC7In9uyIciWsKKXS5fUccjiQFLuDRZskr7Dhr9Yx1fJrxBRfeJTs3ZBoBFpejtOlAsaQ==
  dependencies:
    "@abp/core" "~10.0.3"
    jquery "~3.7.1"

"@abp/lodash@~10.0.3":
  version "10.0.3"
  resolved "https://registry.npmjs.org/@abp/lodash/-/lodash-10.0.3.tgz"
  integrity sha512-x6RW4tCEbebZ6OtxMGMs7TGtnR/oXtWP5kL8pe27EBYOWLoX4U+GUmA6ikdGifbFeEpuRaiUDGdNaTfXGcQjug==
  dependencies:
    "@abp/core" "~10.0.3"
    lodash "^4.17.21"

"@abp/luxon@~10.0.3":
  version "10.0.3"
  resolved "https://registry.npmjs.org/@abp/luxon/-/luxon-10.0.3.tgz"
  integrity sha512-KwYTm+tCIFFlGbt8uZo6cvXoIB8DeAw4yKUdY2M8cMMdfENkOvlXNxghvYNrc+KbBxgbUmj3akWUc22iuxmCwg==
  dependencies:
    "@abp/core" "~10.0.3"
    luxon "^3.7.2"

"@abp/malihu-custom-scrollbar-plugin@~10.0.3":
  version "10.0.3"
  resolved "https://registry.npmjs.org/@abp/malihu-custom-scrollbar-plugin/-/malihu-custom-scrollbar-plugin-10.0.3.tgz"
  integrity sha512-5ESuTYt3nncVBG0pX92wsiKmhYgItsQn8JHVhyhcFXn9LhKOx/condZSBUZnPkkCsGMe5aSibYYDGiQFkYEghg==
  dependencies:
    "@abp/core" "~10.0.3"
    malihu-custom-scrollbar-plugin "^3.1.5"

"@abp/moment@~10.0.3":
  version "10.0.3"
  resolved "https://registry.npmjs.org/@abp/moment/-/moment-10.0.3.tgz"
  integrity sha512-/axyeNFgFulipqAt+iGFqLSzHRG/MfFfEXJppPm7aKQm88ACRPSSJyjhqKpnaup7GW8V34u+08d7VhRthA6E5A==
  dependencies:
    moment "^2.30.1"

"@abp/select2@~10.0.3":
  version "10.0.3"
  resolved "https://registry.npmjs.org/@abp/select2/-/select2-10.0.3.tgz"
  integrity sha512-obUAgHbkYxILw0+ZR+TQgmlWlSHcr+dLLTkv2aT/9JxqRwepSiYbh5G9BTXFe94RnZvJeD0lWCj224AK0qLVGg==
  dependencies:
    "@abp/core" "~10.0.3"
    select2 "^4.0.13"

"@abp/sweetalert2@~10.0.3":
  version "10.0.3"
  resolved "https://registry.npmjs.org/@abp/sweetalert2/-/sweetalert2-10.0.3.tgz"
  integrity sha512-xblJJIKFoEE1Lj3K0dcyR6j9Iqhhp+Ttx5/luxlbFEJdTvugldf4gGKRoYKnn7uVg19qdZcuGK4dnAUgvn9A4A==
  dependencies:
    "@abp/core" "~10.0.3"
    sweetalert2 "^11.23.0"

"@abp/timeago@~10.0.3":
  version "10.0.3"
  resolved "https://registry.npmjs.org/@abp/timeago/-/timeago-10.0.3.tgz"
  integrity sha512-1refeaiUhyopr0M1Yr8SiAKNSDv9RpdTiq7QeAiB5cJIhHE7rPQcav42hNQzydJW9WJrJR3q5pe8ChFMQKjmXA==
  dependencies:
    "@abp/jquery" "~10.0.3"
    timeago "^1.6.7"

"@abp/utils@~10.0.3":
  version "10.0.3"
  resolved "https://registry.npmjs.org/@abp/utils/-/utils-10.0.3.tgz"
  integrity sha512-EFX/LWtfG7lCd5OspHpxctzL+VjIg0tVguS03twdEYOsc5+n866T4qGf9sfPk9ryIFtVfNxKUHbOF73J/h/xbA==
  dependencies:
    just-compare "^2.3.0"

"@fortawesome/fontawesome-free@^7.0.1":
  version "7.1.0"
  resolved "https://registry.npmjs.org/@fortawesome/fontawesome-free/-/fontawesome-free-7.1.0.tgz"
  integrity sha512-+WxNld5ZCJHvPQCr/GnzCTVREyStrAJjisUPtUxG5ngDA8TMlPnKp6dddlTpai4+1GNmltAeuk1hJEkBohwZYA==

ansi-colors@^4.1.3:
  version "4.1.3"
  resolved "https://registry.npmjs.org/ansi-colors/-/ansi-colors-4.1.3.tgz"
  integrity sha512-/6w/C21Pm1A7aZitlI5Ni/2J6FFQN8i1Cvz3kHABAAbw93v/NlvKdVOqz7CCWz/3iv/JplRSEEZ83XION15ovw==

bootstrap-datepicker@^1.10.1:
  version "1.10.1"
  resolved "https://registry.npmjs.org/bootstrap-datepicker/-/bootstrap-datepicker-1.10.1.tgz"
  integrity sha512-GIe+fsLp9Hi30oW7L2v2Q9/a4+aojrIA2p4ZagtLuKw2lpfQgjJjM0L6vl/lYQydGXWUbpoKbEC/O5tzWIkEKQ==
  dependencies:
    jquery ">=3.4.0 <4.0.0"

bootstrap-daterangepicker@^3.1.0:
  version "3.1.0"
  resolved "https://registry.npmjs.org/bootstrap-daterangepicker/-/bootstrap-daterangepicker-3.1.0.tgz"
  integrity sha512-oaQZx6ZBDo/dZNyXGVi2rx5GmFXThyQLAxdtIqjtLlYVaQUfQALl5JZMJJZzyDIX7blfy4ppZPAJ10g8Ma4d/g==
  dependencies:
    jquery ">=1.10"
    moment "^2.9.0"

bootstrap@^5.3.8:
  version "5.3.8"
  resolved "https://registry.npmjs.org/bootstrap/-/bootstrap-5.3.8.tgz"
  integrity sha512-HP1SZDqaLDPwsNiqRqi5NcP0SSXciX2s9E+RyqJIIqGo+vJeN5AJVM98CXmW/Wux0nQ5L7jeWUdplCEf0Ee+tg==

datatables.net-bs5@^2.3.4:
  version "2.3.7"
  resolved "https://registry.npmjs.org/datatables.net-bs5/-/datatables.net-bs5-2.3.7.tgz"
  integrity sha512-RiCEMpMXDBeMDwjSrMpmcXDU6mibRMuOn7Wk7k3SlOfLEY3FQHO7S2m+K7teXYeaNlCLyjJMU+6BUUwlBCpLFw==
  dependencies:
    datatables.net "2.3.7"
    jquery ">=1.7"

datatables.net@2.3.7, datatables.net@^2.3.4:
  version "2.3.7"
  resolved "https://registry.npmjs.org/datatables.net/-/datatables.net-2.3.7.tgz"
  integrity sha512-AvsjG/Nkp6OxeyBKYZauemuzQCPogE1kOtKwG4sYjvdqGCSLiGaJagQwXv4YxG+ts5vaJr6qKGG9ec3g6vTo3w==
  dependencies:
    jquery ">=1.7"

jquery-form@^4.3.0:
  version "4.3.0"
  resolved "https://registry.npmjs.org/jquery-form/-/jquery-form-4.3.0.tgz"
  integrity sha512-q3uaVCEWdLOYUCI6dpNdwf/7cJFOsUgdpq6r0taxtGQ5NJSkOzofyWm4jpOuJ5YxdmL1FI5QR+q+HB63HHLGnQ==
  dependencies:
    jquery ">=1.7.2"

jquery-mousewheel@>=3.0.6:
  version "3.2.2"
  resolved "https://registry.npmjs.org/jquery-mousewheel/-/jquery-mousewheel-3.2.2.tgz"
  integrity sha512-JP71xTAg08ZY3hcs9ZbYUZ5i+dkSsz4yRl/zpWkAmtzc+kMs5EfPkpkINSidiLYMaR0MTo3DfFGF9WIezMsFQQ==
  dependencies:
    jquery ">=1.2.6"

jquery-validation-unobtrusive@^4.0.0:
  version "4.0.0"
  resolved "https://registry.npmjs.org/jquery-validation-unobtrusive/-/jquery-validation-unobtrusive-4.0.0.tgz"
  integrity sha512-1ervYFFv6LX/rp7ktuLnMakHNG0piNRDyROI8Ir3hL1vPIwylAehB1AY3BPrYJnzW3WmwWryZq+Bz4sazZK9iQ==
  dependencies:
    jquery "^3.6.0"
    jquery-validation ">=1.19"

jquery-validation@>=1.19, jquery-validation@^1.21.0:
  version "1.22.0"
  resolved "https://registry.npmjs.org/jquery-validation/-/jquery-validation-1.22.0.tgz"
  integrity sha512-W/e+/suHHWHxdE9Byt9eMtYchy6a+RG9pqGTDiqz6DWcgwhrxVh2OVl8jCi3NSkmACeOW/wiPgLN3KM63+aSWg==

jquery@3.7.1, jquery@>=1.10, jquery@>=1.2.6, "jquery@>=1.5.0 <4.0", jquery@>=1.7, jquery@>=1.7.2, "jquery@>=3.4.0 <4.0.0", jquery@^3.6.0, jquery@~3.7.1:
  version "3.7.1"
  resolved "https://registry.yarnpkg.com/jquery/-/jquery-3.7.1.tgz#083ef98927c9a6a74d05a6af02806566d16274de"
  integrity sha512-m4avr8yL8kmFN8psrbFFFmB/If14iN5o9nw/NgnnM+kybDJpRsAynV2BsfpTYrTRysYUdADVD7CkUUizgkpLfg==

just-compare@^2.3.0:
  version "2.3.0"
  resolved "https://registry.npmjs.org/just-compare/-/just-compare-2.3.0.tgz"
  integrity sha512-6shoR7HDT+fzfL3gBahx1jZG3hWLrhPAf+l7nCwahDdT9XDtosB9kIF0ZrzUp5QY8dJWfQVr5rnsPqsbvflDzg==

lodash@^4.17.21:
  version "4.17.23"
  resolved "https://registry.npmjs.org/lodash/-/lodash-4.17.23.tgz"
  integrity sha512-LgVTMpQtIopCi79SJeDiP0TfWi5CNEc/L/aRdTh3yIvmZXTnheWpKjSZhnvMl8iXbC1tFg9gdHHDMLoV7CnG+w==

luxon@^3.7.2:
  version "3.7.2"
  resolved "https://registry.npmjs.org/luxon/-/luxon-3.7.2.tgz"
  integrity sha512-vtEhXh/gNjI9Yg1u4jX/0YVPMvxzHuGgCm6tC5kZyb08yjGWGnqAjGJvcXbqQR2P3MyMEFnRbpcdFS6PBcLqew==

malihu-custom-scrollbar-plugin@^3.1.5:
  version "3.1.5"
  resolved "https://registry.npmjs.org/malihu-custom-scrollbar-plugin/-/malihu-custom-scrollbar-plugin-3.1.5.tgz"
  integrity sha512-lwW3LgI+CNDMPnP4ED2la6oYxWMkCXlnhex+s2wuOLhFDFGnGmQuTQVdRK9bvDLpxs10sGlfErVufJy9ztfgJQ==
  dependencies:
    jquery-mousewheel ">=3.0.6"

moment@^2.30.1, moment@^2.9.0:
  version "2.30.1"
  resolved "https://registry.npmjs.org/moment/-/moment-2.30.1.tgz"
  integrity sha512-uEmtNhbDOrWPFS+hdjFCBfy9f2YoyzRpwcl+DqpC6taX21FzsTLQVbMV/W7PzNSX6x/bhC1zA3c2UQ5NzH6how==

select2@^4.0.13:
  version "4.0.13"
  resolved "https://registry.npmjs.org/select2/-/select2-4.0.13.tgz"
  integrity sha512-1JeB87s6oN/TDxQQYCvS5EFoQyvV6eYMZZ0AeA4tdFDYWN3BAGZ8npr17UBFddU0lgAt3H0yjX3X6/ekOj1yjw==

sweetalert2@^11.23.0:
  version "11.26.18"
  resolved "https://registry.npmjs.org/sweetalert2/-/sweetalert2-11.26.18.tgz"
  integrity sha512-3O5feBqV+hTIOwCRKGuZGHosjiuBAKP/vpBl6vKFZeVYfCUGdXqXuuidn6YXHan3f6e62UdmnjwJBt8UtDVBhg==

timeago@^1.6.7:
  version "1.6.7"
  resolved "https://registry.npmjs.org/timeago/-/timeago-1.6.7.tgz"
  integrity sha512-FikcjN98+ij0siKH4VO4dZ358PR3oDDq4Vdl1+sN9gWz1/+JXGr3uZbUShYH/hL7bMhcTpPbplJU5Tej4b4jbQ==
  dependencies:
    jquery ">=1.5.0 <4.0"
